
Microsoft Visual Studio Solution File, Format Version 12.00
# Visual Studio Version 16
VisualStudioVersion = 25.0.1700.2
MinimumVisualStudioVersion = 10.0.40219.1
Project("{FAE04EC0-301F-11D3-BF4B-00C04F79EFBC}") = "7.задача.лабы", "7.задача.лабы\7.задача.лабы.csproj", "{E9C4180D-3D55-45FE-9B28-3860F3206035}"
EndProject
Global
	GlobalSection(SolutionConfigurationPlatforms) = preSolution
		Debug|Any CPU = Debug|Any CPU
		Release|Any CPU = Release|Any CPU
	EndGlobalSection
	GlobalSection(ProjectConfigurationPlatforms) = postSolution
		{E9C4180D-3D55-45FE-9B28-3860F3206035}.Debug|Any CPU.ActiveCfg = Debug|Any CPU
		{E9C4180D-3D55-45FE-9B28-3860F3206035}.Debug|Any CPU.Build.0 = Debug|Any CPU
		{E9C4180D-3D55-45FE-9B28-3860F3206035}.Release|Any CPU.ActiveCfg = Release|Any CPU
		{E9C4180D-3D55-45FE-9B28-3860F3206035}.Release|Any CPU.Build.0 = Release|Any CPU
	EndGlobalSection
	GlobalSection(SolutionProperties) = preSolution
		HideSolutionNode = FALSE
	EndGlobalSection
	GlobalSection(ExtensibilityGlobals) = postSolution
		SolutionGuid = {73A1AD72-6445-4A58-9FEB-AA8C4FA11E89}
	EndGlobalSection
EndGlobal
