
Microsoft Visual Studio Solution File, Format Version 12.00
# Visual Studio Version 16
VisualStudioVersion = 25.0.1700.2
MinimumVisualStudioVersion = 10.0.40219.1
Project("{FAE04EC0-301F-11D3-BF4B-00C04F79EFBC}") = "4.задачи.лабы", "4.задачи.лабы\4.задачи.лабы.csproj", "{91A91B77-5022-450C-915C-C71ED6D2AD73}"
EndProject
Global
	GlobalSection(SolutionConfigurationPlatforms) = preSolution
		Debug|Any CPU = Debug|Any CPU
		Release|Any CPU = Release|Any CPU
	EndGlobalSection
	GlobalSection(ProjectConfigurationPlatforms) = postSolution
		{91A91B77-5022-450C-915C-C71ED6D2AD73}.Debug|Any CPU.ActiveCfg = Debug|Any CPU
		{91A91B77-5022-450C-915C-C71ED6D2AD73}.Debug|Any CPU.Build.0 = Debug|Any CPU
		{91A91B77-5022-450C-915C-C71ED6D2AD73}.Release|Any CPU.ActiveCfg = Release|Any CPU
		{91A91B77-5022-450C-915C-C71ED6D2AD73}.Release|Any CPU.Build.0 = Release|Any CPU
	EndGlobalSection
	GlobalSection(SolutionProperties) = preSolution
		HideSolutionNode = FALSE
	EndGlobalSection
	GlobalSection(ExtensibilityGlobals) = postSolution
		SolutionGuid = {58029F7A-AE2D-404E-93E2-DE035C343B1F}
	EndGlobalSection
EndGlobal
